
Microsoft Visual Studio Solution File, Format Version 12.00
# Visual Studio 15
VisualStudioVersion = 15.0.28307.645
MinimumVisualStudioVersion = 10.0.40219.1
Project("{FAE04EC0-301F-11D3-BF4B-00C04F79EFBC}") = "WebAppAPIThree", "WebAppAPIThree\WebAppAPIThree.csproj", "{596A237E-A133-4722-A618-5310C32521FE}"
EndProject
Global
	GlobalSection(SolutionConfigurationPlatforms) = preSolution
		Debug|Any CPU = Debug|Any CPU
		Release|Any CPU = Release|Any CPU
	EndGlobalSection
	GlobalSection(ProjectConfigurationPlatforms) = postSolution
		{596A237E-A133-4722-A618-5310C32521FE}.Debug|Any CPU.ActiveCfg = Debug|Any CPU
		{596A237E-A133-4722-A618-5310C32521FE}.Debug|Any CPU.Build.0 = Debug|Any CPU
		{596A237E-A133-4722-A618-5310C32521FE}.Release|Any CPU.ActiveCfg = Release|Any CPU
		{596A237E-A133-4722-A618-5310C32521FE}.Release|Any CPU.Build.0 = Release|Any CPU
	EndGlobalSection
	GlobalSection(SolutionProperties) = preSolution
		HideSolutionNode = FALSE
	EndGlobalSection
	GlobalSection(ExtensibilityGlobals) = postSolution
		SolutionGuid = {23F3A6AF-D2B0-453D-90C5-A4DEF717F178}
	EndGlobalSection
EndGlobal
